
Microsoft Visual Studio Solution File, Format Version 12.00
# Visual Studio Version 17
VisualStudioVersion = 17.5.002.0
MinimumVisualStudioVersion = 10.0.40219.1
Project("{9A19103F-16F7-4668-BE54-9A1E7A4F7556}") = "lab10", "lab10.csproj", "{F22CCE9F-740D-47C3-B88D-D91ED11B347A}"
EndProject
Global
	GlobalSection(SolutionConfigurationPlatforms) = preSolution
		Debug|Any CPU = Debug|Any CPU
		Release|Any CPU = Release|Any CPU
	EndGlobalSection
	GlobalSection(ProjectConfigurationPlatforms) = postSolution
		{F22CCE9F-740D-47C3-B88D-D91ED11B347A}.Debug|Any CPU.ActiveCfg = Debug|Any CPU
		{F22CCE9F-740D-47C3-B88D-D91ED11B347A}.Debug|Any CPU.Build.0 = Debug|Any CPU
		{F22CCE9F-740D-47C3-B88D-D91ED11B347A}.Release|Any CPU.ActiveCfg = Release|Any CPU
		{F22CCE9F-740D-47C3-B88D-D91ED11B347A}.Release|Any CPU.Build.0 = Release|Any CPU
	EndGlobalSection
	GlobalSection(SolutionProperties) = preSolution
		HideSolutionNode = FALSE
	EndGlobalSection
	GlobalSection(ExtensibilityGlobals) = postSolution
		SolutionGuid = {BF8D8E4A-D1FF-4A44-8671-E5A6A4DD162E}
	EndGlobalSection
EndGlobal
