
Microsoft Visual Studio Solution File, Format Version 12.00
# Visual Studio Version 17
VisualStudioVersion = 17.5.002.0
MinimumVisualStudioVersion = 10.0.40219.1
Project("{9A19103F-16F7-4668-BE54-9A1E7A4F7556}") = "lab5", "lab5.csproj", "{B75FCE47-5CBC-40DF-9BF8-457C92D09166}"
EndProject
Global
	GlobalSection(SolutionConfigurationPlatforms) = preSolution
		Debug|Any CPU = Debug|Any CPU
		Release|Any CPU = Release|Any CPU
	EndGlobalSection
	GlobalSection(ProjectConfigurationPlatforms) = postSolution
		{B75FCE47-5CBC-40DF-9BF8-457C92D09166}.Debug|Any CPU.ActiveCfg = Debug|Any CPU
		{B75FCE47-5CBC-40DF-9BF8-457C92D09166}.Debug|Any CPU.Build.0 = Debug|Any CPU
		{B75FCE47-5CBC-40DF-9BF8-457C92D09166}.Release|Any CPU.ActiveCfg = Release|Any CPU
		{B75FCE47-5CBC-40DF-9BF8-457C92D09166}.Release|Any CPU.Build.0 = Release|Any CPU
	EndGlobalSection
	GlobalSection(SolutionProperties) = preSolution
		HideSolutionNode = FALSE
	EndGlobalSection
	GlobalSection(ExtensibilityGlobals) = postSolution
		SolutionGuid = {D0C4DA8C-9987-4F92-9E13-268A600C92F7}
	EndGlobalSection
EndGlobal
