
Microsoft Visual Studio Solution File, Format Version 12.00
# Visual Studio Version 17
VisualStudioVersion = 17.5.002.0
MinimumVisualStudioVersion = 10.0.40219.1
Project("{9A19103F-16F7-4668-BE54-9A1E7A4F7556}") = "lab6", "lab6.csproj", "{0197E96C-0218-47DF-961E-9C40D41349FA}"
EndProject
Global
	GlobalSection(SolutionConfigurationPlatforms) = preSolution
		Debug|Any CPU = Debug|Any CPU
		Release|Any CPU = Release|Any CPU
	EndGlobalSection
	GlobalSection(ProjectConfigurationPlatforms) = postSolution
		{0197E96C-0218-47DF-961E-9C40D41349FA}.Debug|Any CPU.ActiveCfg = Debug|Any CPU
		{0197E96C-0218-47DF-961E-9C40D41349FA}.Debug|Any CPU.Build.0 = Debug|Any CPU
		{0197E96C-0218-47DF-961E-9C40D41349FA}.Release|Any CPU.ActiveCfg = Release|Any CPU
		{0197E96C-0218-47DF-961E-9C40D41349FA}.Release|Any CPU.Build.0 = Release|Any CPU
	EndGlobalSection
	GlobalSection(SolutionProperties) = preSolution
		HideSolutionNode = FALSE
	EndGlobalSection
	GlobalSection(ExtensibilityGlobals) = postSolution
		SolutionGuid = {B2686D7E-9A55-462D-AEC2-54BF6CCE5ABB}
	EndGlobalSection
EndGlobal
